// !$*UTF8*$!
{
	archiveVersion = 1;
	classes = {
	};
	objectVersion = 48;
	objects = {

/* Begin PBXBuildFile section */
		47077BA020084FEE00722FD5 /* AppDelegate.swift in Sources */ = {isa = PBXBuildFile; fileRef = 47077B9F20084FEE00722FD5 /* AppDelegate.swift */; };
		47077BA220084FEE00722FD5 /* ViewController.swift in Sources */ = {isa = PBXBuildFile; fileRef = 47077BA120084FEE00722FD5 /* ViewController.swift */; };
		47077BA520084FEE00722FD5 /* Main.storyboard in Resources */ = {isa = PBXBuildFile; fileRef = 47077BA320084FEE00722FD5 /* Main.storyboard */; };
		47077BA720084FEE00722FD5 /* Assets.xcassets in Resources */ = {isa = PBXBuildFile; fileRef = 47077BA620084FEE00722FD5 /* Assets.xcassets */; };
		47077BAA20084FEE00722FD5 /* LaunchScreen.storyboard in Resources */ = {isa = PBXBuildFile; fileRef = 47077BA820084FEE00722FD5 /* LaunchScreen.storyboard */; };
/* End PBXBuildFile section */

/* Begin PBXFileReference section */
		47077B9C20084FEE00722FD5 /* EjemploAutolayout.app */ = {isa = PBXFileReference; explicitFileType = wrapper.application; includeInIndex = 0; path = EjemploAutolayout.app; sourceTree = BUILT_PRODUCTS_DIR; };
		47077B9F20084FEE00722FD5 /* AppDelegate.swift */ = {isa = PBXFileReference; lastKnownFileType = sourcecode.swift; path = AppDelegate.swift; sourceTree = "<group>"; };
		47077BA120084FEE00722FD5 /* ViewController.swift */ = {isa = PBXFileReference; lastKnownFileType = sourcecode.swift; path = ViewController.swift; sourceTree = "<group>"; };
		47077BA420084FEE00722FD5 /* Base */ = {isa = PBXFileReference; lastKnownFileType = file.storyboard; name = Base; path = Base.lproj/Main.storyboard; sourceTree = "<group>"; };
		47077BA620084FEE00722FD5 /* Assets.xcassets */ = {isa = PBXFileReference; lastKnownFileType = folder.assetcatalog; path = Assets.xcassets; sourceTree = "<group>"; };
		47077BA920084FEE00722FD5 /* Base */ = {isa = PBXFileReference; lastKnownFileType = file.storyboard; name = Base; path = Base.lproj/LaunchScreen.storyboard; sourceTree = "<group>"; };
		47077BAB20084FEE00722FD5 /* Info.plist */ = {isa = PBXFileReference; lastKnownFileType = text.plist.xml; path = Info.plist; sourceTree = "<group>"; };
/* End PBXFileReference section */

/* Begin PBXFrameworksBuildPhase section */
		47077B9920084FEE00722FD5 /* Frameworks */ = {
			isa = PBXFrameworksBuildPhase;
			buildActionMask = 2147483647;
			files = (
			);
			runOnlyForDeploymentPostprocessing = 0;
		};
/* End PBXFrameworksBuildPhase section */

/* Begin PBXGroup section */
		47077B9320084FEE00722FD5 = {
			isa = PBXGroup;
			children = (
				47077B9E20084FEE00722FD5 /* EjemploAutolayout */,
				47077B9D20084FEE00722FD5 /* Products */,
			);
			sourceTree = "<group>";
		};
		47077B9D20084FEE00722FD5 /* Products */ = {
			isa = PBXGroup;
			children = (
				47077B9C20084FEE00722FD5 /* EjemploAutolayout.app */,
			);
			name = Products;
			sourceTree = "<group>";
		};
		47077B9E20084FEE00722FD5 /* EjemploAutolayout */ = {
			isa = PBXGroup;
			children = (
				47077B9F20084FEE00722FD5 /* AppDelegate.swift */,
				47077BA120084FEE00722FD5 /* ViewController.swift */,
				47077BA320084FEE00722FD5 /* Main.storyboard */,
				47077BA620084FEE00722FD5 /* Assets.xcassets */,
				47077BA820084FEE00722FD5 /* LaunchScreen.storyboard */,
				47077BAB20084FEE00722FD5 /* Info.plist */,
			);
			path = EjemploAutolayout;
			sourceTree = "<group>";
		};
/* End PBXGroup section */

/* Begin PBXNativeTarget section */
		47077B9B20084FEE00722FD5 /* EjemploAutolayout */ = {
			isa = PBXNativeTarget;
			buildConfigurationList = 47077BAE20084FEE00722FD5 /* Build configuration list for PBXNativeTarget "EjemploAutolayout" */;
			buildPhases = (
				47077B9820084FEE00722FD5 /* Sources */,
				47077B9920084FEE00722FD5 /* Frameworks */,
				47077B9A20084FEE00722FD5 /* Resources */,
			);
			buildRules = (
			);
			dependencies = (
			);
			name = EjemploAutolayout;
			productName = EjemploAutolayout;
			productReference = 47077B9C20084FEE00722FD5 /* EjemploAutolayout.app */;
			productType = "com.apple.product-type.application";
		};
/* End PBXNativeTarget section */

/* Begin PBXProject section */
		47077B9420084FEE00722FD5 /* Project object */ = {
			isa = PBXProject;
			attributes = {
				LastSwiftUpdateCheck = 0920;
				LastUpgradeCheck = 0920;
				ORGANIZATIONNAME = "Academia Moviles";
				TargetAttributes = {
					47077B9B20084FEE00722FD5 = {
						CreatedOnToolsVersion = 9.2;
						ProvisioningStyle = Automatic;
					};
				};
			};
			buildConfigurationList = 47077B9720084FEE00722FD5 /* Build configuration list for PBXProject "EjemploAutolayout" */;
			compatibilityVersion = "Xcode 8.0";
			developmentRegion = en;
			hasScannedForEncodings = 0;
			knownRegions = (
				en,
				Base,
			);
			mainGroup = 47077B9320084FEE00722FD5;
			productRefGroup = 47077B9D20084FEE00722FD5 /* Products */;
			projectDirPath = "";
			projectRoot = "";
			targets = (
				47077B9B20084FEE00722FD5 /* EjemploAutolayout */,
			);
		};
/* End PBXProject section */

/* Begin PBXResourcesBuildPhase section */
		47077B9A20084FEE00722FD5 /* Resources */ = {
			isa = PBXResourcesBuildPhase;
			buildActionMask = 2147483647;
			files = (
				47077BAA20084FEE00722FD5 /* LaunchScreen.storyboard in Resources */,
				47077BA720084FEE00722FD5 /* Assets.xcassets in Resources */,
				47077BA520084FEE00722FD5 /* Main.storyboard in Resources */,
			);
			runOnlyForDeploymentPostprocessing = 0;
		};
/* End PBXResourcesBuildPhase section */

/* Begin PBXSourcesBuildPhase section */
		47077B9820084FEE00722FD5 /* Sources */ = {
			isa = PBXSourcesBuildPhase;
			buildActionMask = 2147483647;
			files = (
				47077BA220084FEE00722FD5 /* ViewController.swift in Sources */,
				47077BA020084FEE00722FD5 /* AppDelegate.swift in Sources */,
			);
			runOnlyForDeploymentPostprocessing = 0;
		};
/* End PBXSourcesBuildPhase section */

/* Begin PBXVariantGroup section */
		47077BA320084FEE00722FD5 /* Main.storyboard */ = {
			isa = PBXVariantGroup;
			children = (
				47077BA420084FEE00722FD5 /* Base */,
			);
			name = Main.storyboard;
			sourceTree = "<group>";
		};
		47077BA820084FEE00722FD5 /* LaunchScreen.storyboard */ = {
			isa = PBXVariantGroup;
			children = (
				47077BA920084FEE00722FD5 /* Base */,
			);
			name = LaunchScreen.storyboard;
			sourceTree = "<group>";
		};
/* End PBXVariantGroup section */

/* Begin XCBuildConfiguration section */
		47077BAC20084FEE00722FD5 /* Debug */ = {
			isa = XCBuildConfiguration;
			buildSettings = {
				ALWAYS_SEARCH_USER_PATHS = NO;
				CLANG_ANALYZER_NONNULL = YES;
				CLANG_ANALYZER_NUMBER_OBJECT_CONVERSION = YES_AGGRESSIVE;
				CLANG_CXX_LANGUAGE_STANDARD = "gnu++14";
				CLANG_CXX_LIBRARY = "libc++";
				CLANG_ENABLE_MODULES = YES;
				CLANG_ENABLE_OBJC_ARC = YES;
				CLANG_WARN_BLOCK_CAPTURE_AUTORELEASING = YES;
				CLANG_WARN_BOOL_CONVERSION = YES;
				CLANG_WARN_COMMA = YES;
				CLANG_WARN_CONSTANT_CONVERSION = YES;
				CLANG_WARN_DIRECT_OBJC_ISA_USAGE = YES_ERROR;
				CLANG_WARN_DOCUMENTATION_COMMENTS = YES;
				CLANG_WARN_EMPTY_BODY = YES;
				CLANG_WARN_ENUM_CONVERSION = YES;
				CLANG_WARN_INFINITE_RECURSION = YES;
				CLANG_WARN_INT_CONVERSION = YES;
				CLANG_WARN_NON_LITERAL_NULL_CONVERSION = YES;
				CLANG_WARN_OBJC_LITERAL_CONVERSION = YES;
				CLANG_WARN_OBJC_ROOT_CLASS = YES_ERROR;
				CLANG_WARN_RANGE_LOOP_ANALYSIS = YES;
				CLANG_WARN_STRICT_PROTOTYPES = YES;
				CLANG_WARN_SUSPICIOUS_MOVE = YES;
				CLANG_WARN_UNGUARDED_AVAILABILITY = YES_AGGRESSIVE;
				CLANG_WARN_UNREACHABLE_CODE = YES;
				CLANG_WARN__DUPLICATE_METHOD_MATCH = YES;
				CODE_SIGN_IDENTITY = "iPhone Developer";
				COPY_PHASE_STRIP = NO;
				DEBUG_INFORMATION_FORMAT = dwarf;
				ENABLE_STRICT_OBJC_MSGSEND = YES;
				ENABLE_TESTABILITY = YES;
				GCC_C_LANGUAGE_STANDARD = gnu11;
				GCC_DYNAMIC_NO_PIC = NO;
				GCC_NO_COMMON_BLOCKS = YES;
				GCC_OPTIMIZATION_LEVEL = 0;
				GCC_PREPROCESSOR_DEFINITIONS = (
					"DEBUG=1",
					"$(inherited)",
				);
				GCC_WARN_64_TO_32_BIT_CONVERSION = YES;
				GCC_WARN_ABOUT_RETURN_TYPE = YES_ERROR;
				GCC_WARN_UNDECLARED_SELECTOR = YES;
				GCC_WARN_UNINITIALIZED_AUTOS = YES_AGGRESSIVE;
				GCC_WARN_UNUSED_FUNCTION = YES;
				GCC_WARN_UNUSED_VARIABLE = YES;
				IPHONEOS_DEPLOYMENT_TARGET = 11.2;
				MTL_ENABLE_DEBUG_INFO = YES;
				ONLY_ACTIVE_ARCH = YES;
				SDKROOT = iphoneos;
				SWIFT_ACTIVE_COMPILATION_CONDITIONS = DEBUG;
				SWIFT_OPTIMIZATION_LEVEL = "-Onone";
			};
			name = Debug;
		};
		47077BAD20084FEE00722FD5 /* Release */ = {
			isa = XCBuildConfiguration;
			buildSettings = {
				ALWAYS_SEARCH_USER_PATHS = NO;
				CLANG_ANALYZER_NONNULL = YES;
				CLANG_ANALYZER_NUMBER_OBJECT_CONVERSION = YES_AGGRESSIVE;
				CLANG_CXX_LANGUAGE_STANDARD = "gnu++14";
				CLANG_CXX_LIBRARY = "libc++";
				CLANG_ENABLE_MODULES = YES;
				CLANG_ENABLE_OBJC_ARC = YES;
				CLANG_WARN_BLOCK_CAPTURE_AUTORELEASING = YES;
				CLANG_WARN_BOOL_CONVERSION = YES;
				CLANG_WARN_COMMA = YES;
				CLANG_WARN_CONSTANT_CONVERSION = YES;
				CLANG_WARN_DIRECT_OBJC_ISA_USAGE = YES_ERROR;
				CLANG_WARN_DOCUMENTATION_COMMENTS = YES;
				CLANG_WARN_EMPTY_BODY = YES;
				CLANG_WARN_ENUM_CONVERSION = YES;
				CLANG_WARN_INFINITE_RECURSION = YES;
				CLANG_WARN_INT_CONVERSION = YES;
				CLANG_WARN_NON_LITERAL_NULL_CONVERSION = YES;
				CLANG_WARN_OBJC_LITERAL_CONVERSION = YES;
				CLANG_WARN_OBJC_ROOT_CLASS = YES_ERROR;
				CLANG_WARN_RANGE_LOOP_ANALYSIS = YES;
				CLANG_WARN_STRICT_PROTOTYPES = YES;
				CLANG_WARN_SUSPICIOUS_MOVE = YES;
				CLANG_WARN_UNGUARDED_AVAILABILITY = YES_AGGRESSIVE;
				CLANG_WARN_UNREACHABLE_CODE = YES;
				CLANG_WARN__DUPLICATE_METHOD_MATCH = YES;
				CODE_SIGN_IDENTITY = "iPhone Developer";
				COPY_PHASE_STRIP = NO;
				DEBUG_INFORMATION_FORMAT = "dwarf-with-dsym";
				ENABLE_NS_ASSERTIONS = NO;
				ENABLE_STRICT_OBJC_MSGSEND = YES;
				GCC_C_LANGUAGE_STANDARD = gnu11;
				GCC_NO_COMMON_BLOCKS = YES;
				GCC_WARN_64_TO_32_BIT_CONVERSION = YES;
				GCC_WARN_ABOUT_RETURN_TYPE = YES_ERROR;
				GCC_WARN_UNDECLARED_SELECTOR = YES;
				GCC_WARN_UNINITIALIZED_AUTOS = YES_AGGRESSIVE;
				GCC_WARN_UNUSED_FUNCTION = YES;
				GCC_WARN_UNUSED_VARIABLE = YES;
				IPHONEOS_DEPLOYMENT_TARGET = 11.2;
				MTL_ENABLE_DEBUG_INFO = NO;
				SDKROOT = iphoneos;
				SWIFT_OPTIMIZATION_LEVEL = "-Owholemodule";
				VALIDATE_PRODUCT = YES;
			};
			name = Release;
		};
		47077BAF20084FEE00722FD5 /* Debug */ = {
			isa = XCBuildConfiguration;
			buildSettings = {
				ASSETCATALOG_COMPILER_APPICON_NAME = AppIcon;
				CODE_SIGN_STYLE = Automatic;
				INFOPLIST_FILE = EjemploAutolayout/Info.plist;
				LD_RUNPATH_SEARCH_PATHS = "$(inherited) @executable_path/Frameworks";
				PRODUCT_BUNDLE_IDENTIFIER = com.academiamoviles.EjemploAutolayout;
				PRODUCT_NAME = "$(TARGET_NAME)";
				SWIFT_VERSION = 4.0;
				TARGETED_DEVICE_FAMILY = "1,2";
			};
			name = Debug;
		};
		47077BB020084FEE00722FD5 /* Release */ = {
			isa = XCBuildConfiguration;
			buildSettings = {
				ASSETCATALOG_COMPILER_APPICON_NAME = AppIcon;
				CODE_SIGN_STYLE = Automatic;
				INFOPLIST_FILE = EjemploAutolayout/Info.plist;
				LD_RUNPATH_SEARCH_PATHS = "$(inherited) @executable_path/Frameworks";
				PRODUCT_BUNDLE_IDENTIFIER = com.academiamoviles.EjemploAutolayout;
				PRODUCT_NAME = "$(TARGET_NAME)";
				SWIFT_VERSION = 4.0;
				TARGETED_DEVICE_FAMILY = "1,2";
			};
			name = Release;
		};
/* End XCBuildConfiguration section */

/* Begin XCConfigurationList section */
		47077B9720084FEE00722FD5 /* Build configuration list for PBXProject "EjemploAutolayout" */ = {
			isa = XCConfigurationList;
			buildConfigurations = (
				47077BAC20084FEE00722FD5 /* Debug */,
				47077BAD20084FEE00722FD5 /* Release */,
			);
			defaultConfigurationIsVisible = 0;
			defaultConfigurationName = Release;
		};
		47077BAE20084FEE00722FD5 /* Build configuration list for PBXNativeTarget "EjemploAutolayout" */ = {
			isa = XCConfigurationList;
			buildConfigurations = (
				47077BAF20084FEE00722FD5 /* Debug */,
				47077BB020084FEE00722FD5 /* Release */,
			);
			defaultConfigurationIsVisible = 0;
			defaultConfigurationName = Release;
		};
/* End XCConfigurationList section */
	};
	rootObject = 47077B9420084FEE00722FD5 /* Project object */;
}
